
Microsoft Visual Studio Solution File, Format Version 12.00
# Visual Studio Version 17
VisualStudioVersion = 17.5.33402.96
MinimumVisualStudioVersion = 10.0.40219.1
Project("{9A19103F-16F7-4668-BE54-9A1E7A4F7556}") = "Bld.RtpToWebRtcRestreamer", "Bld.RtpToWebRtcRestreamer\Bld.RtpToWebRtcRestreamer.csproj", "{30379DFB-8E36-45E2-AB34-3D2F223B46BB}"
EndProject
Project("{9A19103F-16F7-4668-BE54-9A1E7A4F7556}") = "Bld.RtpToWebRtcRestreamer.App", "Bld.RtpToWebRtcRestreamer.App\Bld.RtpToWebRtcRestreamer.App.csproj", "{9AD9AB3D-7B11-4954-930B-1D30DAB68795}"
EndProject
Project("{2150E333-8FDC-42A3-9474-1A3956D46DE8}") = "Solution Items", "Solution Items", "{06B64A44-C846-460D-9691-C09A76644877}"
	ProjectSection(SolutionItems) = preProject
		.editorconfig = .editorconfig
		..\README.md = ..\README.md
	EndProjectSection
EndProject
Project("{FAE04EC0-301F-11D3-BF4B-00C04F79EFBC}") = "Bld.Rtp", "Bld.Rtp\Bld.Rtp.csproj", "{11F10F3C-292D-4103-B55F-E64A3F62D440}"
EndProject
Global
	GlobalSection(SolutionConfigurationPlatforms) = preSolution
		Debug|Any CPU = Debug|Any CPU
		Release|Any CPU = Release|Any CPU
	EndGlobalSection
	GlobalSection(ProjectConfigurationPlatforms) = postSolution
		{30379DFB-8E36-45E2-AB34-3D2F223B46BB}.Debug|Any CPU.ActiveCfg = Debug|Any CPU
		{30379DFB-8E36-45E2-AB34-3D2F223B46BB}.Debug|Any CPU.Build.0 = Debug|Any CPU
		{30379DFB-8E36-45E2-AB34-3D2F223B46BB}.Release|Any CPU.ActiveCfg = Release|Any CPU
		{30379DFB-8E36-45E2-AB34-3D2F223B46BB}.Release|Any CPU.Build.0 = Release|Any CPU
		{9AD9AB3D-7B11-4954-930B-1D30DAB68795}.Debug|Any CPU.ActiveCfg = Debug|Any CPU
		{9AD9AB3D-7B11-4954-930B-1D30DAB68795}.Debug|Any CPU.Build.0 = Debug|Any CPU
		{9AD9AB3D-7B11-4954-930B-1D30DAB68795}.Release|Any CPU.ActiveCfg = Release|Any CPU
		{9AD9AB3D-7B11-4954-930B-1D30DAB68795}.Release|Any CPU.Build.0 = Release|Any CPU
		{11F10F3C-292D-4103-B55F-E64A3F62D440}.Debug|Any CPU.ActiveCfg = Debug|Any CPU
		{11F10F3C-292D-4103-B55F-E64A3F62D440}.Debug|Any CPU.Build.0 = Debug|Any CPU
		{11F10F3C-292D-4103-B55F-E64A3F62D440}.Release|Any CPU.ActiveCfg = Release|Any CPU
		{11F10F3C-292D-4103-B55F-E64A3F62D440}.Release|Any CPU.Build.0 = Release|Any CPU
	EndGlobalSection
	GlobalSection(SolutionProperties) = preSolution
		HideSolutionNode = FALSE
	EndGlobalSection
	GlobalSection(ExtensibilityGlobals) = postSolution
		SolutionGuid = {59263BF6-19B8-4EBD-9A71-37C819A051E7}
	EndGlobalSection
EndGlobal
